
Microsoft Visual Studio Solution File, Format Version 12.00
# Visual Studio Version 17
VisualStudioVersion = 17.14.36310.24 d17.14
MinimumVisualStudioVersion = 10.0.40219.1
Project("{FAE04EC0-301F-11D3-BF4B-00C04F79EFBC}") = "NunitDemos", "NunitDemos\NunitDemos.csproj", "{30DA50F0-B5E2-4094-BFB3-6E866A1D24A0}"
EndProject
Project("{FAE04EC0-301F-11D3-BF4B-00C04F79EFBC}") = "NunitDemo.Tests", "..\NunitDemo.Tests\NunitDemo.Tests.csproj", "{3D00E916-8A40-4E36-ABA3-9F035BB23E4F}"
EndProject
Global
	GlobalSection(SolutionConfigurationPlatforms) = preSolution
		Debug|Any CPU = Debug|Any CPU
		Release|Any CPU = Release|Any CPU
	EndGlobalSection
	GlobalSection(ProjectConfigurationPlatforms) = postSolution
		{30DA50F0-B5E2-4094-BFB3-6E866A1D24A0}.Debug|Any CPU.ActiveCfg = Debug|Any CPU
		{30DA50F0-B5E2-4094-BFB3-6E866A1D24A0}.Debug|Any CPU.Build.0 = Debug|Any CPU
		{30DA50F0-B5E2-4094-BFB3-6E866A1D24A0}.Release|Any CPU.ActiveCfg = Release|Any CPU
		{30DA50F0-B5E2-4094-BFB3-6E866A1D24A0}.Release|Any CPU.Build.0 = Release|Any CPU
		{3D00E916-8A40-4E36-ABA3-9F035BB23E4F}.Debug|Any CPU.ActiveCfg = Debug|Any CPU
		{3D00E916-8A40-4E36-ABA3-9F035BB23E4F}.Debug|Any CPU.Build.0 = Debug|Any CPU
		{3D00E916-8A40-4E36-ABA3-9F035BB23E4F}.Release|Any CPU.ActiveCfg = Release|Any CPU
		{3D00E916-8A40-4E36-ABA3-9F035BB23E4F}.Release|Any CPU.Build.0 = Release|Any CPU
	EndGlobalSection
	GlobalSection(SolutionProperties) = preSolution
		HideSolutionNode = FALSE
	EndGlobalSection
	GlobalSection(ExtensibilityGlobals) = postSolution
		SolutionGuid = {B171EAF9-466E-45FB-82EE-877FB716FE22}
	EndGlobalSection
EndGlobal
