
Microsoft Visual Studio Solution File, Format Version 12.00
# Visual Studio Version 17
VisualStudioVersion = 17.14.36310.24 d17.14
MinimumVisualStudioVersion = 10.0.40219.1
Project("{FAE04EC0-301F-11D3-BF4B-00C04F79EFBC}") = "ExceptionHandling", "ExceptionHandling\ExceptionHandling.csproj", "{CD99D7FC-4D7D-4A72-AB29-4F2860F2D772}"
EndProject
Global
	GlobalSection(SolutionConfigurationPlatforms) = preSolution
		Debug|Any CPU = Debug|Any CPU
		Release|Any CPU = Release|Any CPU
	EndGlobalSection
	GlobalSection(ProjectConfigurationPlatforms) = postSolution
		{CD99D7FC-4D7D-4A72-AB29-4F2860F2D772}.Debug|Any CPU.ActiveCfg = Debug|Any CPU
		{CD99D7FC-4D7D-4A72-AB29-4F2860F2D772}.Debug|Any CPU.Build.0 = Debug|Any CPU
		{CD99D7FC-4D7D-4A72-AB29-4F2860F2D772}.Release|Any CPU.ActiveCfg = Release|Any CPU
		{CD99D7FC-4D7D-4A72-AB29-4F2860F2D772}.Release|Any CPU.Build.0 = Release|Any CPU
	EndGlobalSection
	GlobalSection(SolutionProperties) = preSolution
		HideSolutionNode = FALSE
	EndGlobalSection
	GlobalSection(ExtensibilityGlobals) = postSolution
		SolutionGuid = {04009345-E6E2-49C3-A7D8-DB343AF59663}
	EndGlobalSection
EndGlobal
