
Microsoft Visual Studio Solution File, Format Version 12.00
# Visual Studio Version 17
VisualStudioVersion = 17.14.36310.24 d17.14
MinimumVisualStudioVersion = 10.0.40219.1
Project("{FAE04EC0-301F-11D3-BF4B-00C04F79EFBC}") = "ExtensionSameLibrary", "ExtensionSameLibrary\ExtensionSameLibrary.csproj", "{A41129A3-60DD-418D-AF89-200091D8A4BE}"
EndProject
Global
	GlobalSection(SolutionConfigurationPlatforms) = preSolution
		Debug|Any CPU = Debug|Any CPU
		Release|Any CPU = Release|Any CPU
	EndGlobalSection
	GlobalSection(ProjectConfigurationPlatforms) = postSolution
		{A41129A3-60DD-418D-AF89-200091D8A4BE}.Debug|Any CPU.ActiveCfg = Debug|Any CPU
		{A41129A3-60DD-418D-AF89-200091D8A4BE}.Debug|Any CPU.Build.0 = Debug|Any CPU
		{A41129A3-60DD-418D-AF89-200091D8A4BE}.Release|Any CPU.ActiveCfg = Release|Any CPU
		{A41129A3-60DD-418D-AF89-200091D8A4BE}.Release|Any CPU.Build.0 = Release|Any CPU
	EndGlobalSection
	GlobalSection(SolutionProperties) = preSolution
		HideSolutionNode = FALSE
	EndGlobalSection
	GlobalSection(ExtensibilityGlobals) = postSolution
		SolutionGuid = {A99F2BD8-B782-41E3-B919-D71221A84493}
	EndGlobalSection
EndGlobal
